// !$*UTF8*$!
{
	archiveVersion = 1;
	classes = {
	};
	objectVersion = 56;
	objects = {

/* Begin PBXBuildFile section */
		0D337A722B38ADC6000F1C2D /* BarcodeScannerApp.swift in Sources */ = {isa = PBXBuildFile; fileRef = 0D337A712B38ADC6000F1C2D /* BarcodeScannerApp.swift */; };
		0D337A742B38ADC6000F1C2D /* BarcodeScannerView.swift in Sources */ = {isa = PBXBuildFile; fileRef = 0D337A732B38ADC6000F1C2D /* BarcodeScannerView.swift */; };
		0D337A762B38ADC7000F1C2D /* Assets.xcassets in Resources */ = {isa = PBXBuildFile; fileRef = 0D337A752B38ADC7000F1C2D /* Assets.xcassets */; };
		0D337A792B38ADC7000F1C2D /* Preview Assets.xcassets in Resources */ = {isa = PBXBuildFile; fileRef = 0D337A782B38ADC7000F1C2D /* Preview Assets.xcassets */; };
		0D337A832B38ADC7000F1C2D /* BarcodeScannerTests.swift in Sources */ = {isa = PBXBuildFile; fileRef = 0D337A822B38ADC7000F1C2D /* BarcodeScannerTests.swift */; };
		0D337A8D2B38ADC8000F1C2D /* BarcodeScannerUITests.swift in Sources */ = {isa = PBXBuildFile; fileRef = 0D337A8C2B38ADC8000F1C2D /* BarcodeScannerUITests.swift */; };
		0D337A8F2B38ADC8000F1C2D /* BarcodeScannerUITestsLaunchTests.swift in Sources */ = {isa = PBXBuildFile; fileRef = 0D337A8E2B38ADC8000F1C2D /* BarcodeScannerUITestsLaunchTests.swift */; };
		0D337AD22B392E0C000F1C2D /* ScannerVC.swift in Sources */ = {isa = PBXBuildFile; fileRef = 0D337AD12B392E0C000F1C2D /* ScannerVC.swift */; };
		0D337AD42B3938A1000F1C2D /* ScannerView.swift in Sources */ = {isa = PBXBuildFile; fileRef = 0D337AD32B3938A1000F1C2D /* ScannerView.swift */; };
		0D337AD62B394770000F1C2D /* Alerts.swift in Sources */ = {isa = PBXBuildFile; fileRef = 0D337AD52B394770000F1C2D /* Alerts.swift */; };
		0D337AD82B394805000F1C2D /* BarcodeScannerViewModal.swift in Sources */ = {isa = PBXBuildFile; fileRef = 0D337AD72B394805000F1C2D /* BarcodeScannerViewModal.swift */; };
/* End PBXBuildFile section */

/* Begin PBXContainerItemProxy section */
		0D337A7F2B38ADC7000F1C2D /* PBXContainerItemProxy */ = {
			isa = PBXContainerItemProxy;
			containerPortal = 0D337A662B38ADC6000F1C2D /* Project object */;
			proxyType = 1;
			remoteGlobalIDString = 0D337A6D2B38ADC6000F1C2D;
			remoteInfo = BarcodeScanner;
		};
		0D337A892B38ADC8000F1C2D /* PBXContainerItemProxy */ = {
			isa = PBXContainerItemProxy;
			containerPortal = 0D337A662B38ADC6000F1C2D /* Project object */;
			proxyType = 1;
			remoteGlobalIDString = 0D337A6D2B38ADC6000F1C2D;
			remoteInfo = BarcodeScanner;
		};
/* End PBXContainerItemProxy section */

/* Begin PBXFileReference section */
		0D337A6E2B38ADC6000F1C2D /* BarcodeScanner.app */ = {isa = PBXFileReference; explicitFileType = wrapper.application; includeInIndex = 0; path = BarcodeScanner.app; sourceTree = BUILT_PRODUCTS_DIR; };
		0D337A712B38ADC6000F1C2D /* BarcodeScannerApp.swift */ = {isa = PBXFileReference; lastKnownFileType = sourcecode.swift; path = BarcodeScannerApp.swift; sourceTree = "<group>"; };
		0D337A732B38ADC6000F1C2D /* BarcodeScannerView.swift */ = {isa = PBXFileReference; lastKnownFileType = sourcecode.swift; path = BarcodeScannerView.swift; sourceTree = "<group>"; };
		0D337A752B38ADC7000F1C2D /* Assets.xcassets */ = {isa = PBXFileReference; lastKnownFileType = folder.assetcatalog; path = Assets.xcassets; sourceTree = "<group>"; };
		0D337A782B38ADC7000F1C2D /* Preview Assets.xcassets */ = {isa = PBXFileReference; lastKnownFileType = folder.assetcatalog; path = "Preview Assets.xcassets"; sourceTree = "<group>"; };
		0D337A7E2B38ADC7000F1C2D /* BarcodeScannerTests.xctest */ = {isa = PBXFileReference; explicitFileType = wrapper.cfbundle; includeInIndex = 0; path = BarcodeScannerTests.xctest; sourceTree = BUILT_PRODUCTS_DIR; };
		0D337A822B38ADC7000F1C2D /* BarcodeScannerTests.swift */ = {isa = PBXFileReference; lastKnownFileType = sourcecode.swift; path = BarcodeScannerTests.swift; sourceTree = "<group>"; };
		0D337A882B38ADC8000F1C2D /* BarcodeScannerUITests.xctest */ = {isa = PBXFileReference; explicitFileType = wrapper.cfbundle; includeInIndex = 0; path = BarcodeScannerUITests.xctest; sourceTree = BUILT_PRODUCTS_DIR; };
		0D337A8C2B38ADC8000F1C2D /* BarcodeScannerUITests.swift */ = {isa = PBXFileReference; lastKnownFileType = sourcecode.swift; path = BarcodeScannerUITests.swift; sourceTree = "<group>"; };
		0D337A8E2B38ADC8000F1C2D /* BarcodeScannerUITestsLaunchTests.swift */ = {isa = PBXFileReference; lastKnownFileType = sourcecode.swift; path = BarcodeScannerUITestsLaunchTests.swift; sourceTree = "<group>"; };
		0D337AD12B392E0C000F1C2D /* ScannerVC.swift */ = {isa = PBXFileReference; lastKnownFileType = sourcecode.swift; path = ScannerVC.swift; sourceTree = "<group>"; };
		0D337AD32B3938A1000F1C2D /* ScannerView.swift */ = {isa = PBXFileReference; lastKnownFileType = sourcecode.swift; path = ScannerView.swift; sourceTree = "<group>"; };
		0D337AD52B394770000F1C2D /* Alerts.swift */ = {isa = PBXFileReference; lastKnownFileType = sourcecode.swift; path = Alerts.swift; sourceTree = "<group>"; };
		0D337AD72B394805000F1C2D /* BarcodeScannerViewModal.swift */ = {isa = PBXFileReference; lastKnownFileType = sourcecode.swift; path = BarcodeScannerViewModal.swift; sourceTree = "<group>"; };
/* End PBXFileReference section */

/* Begin PBXFrameworksBuildPhase section */
		0D337A6B2B38ADC6000F1C2D /* Frameworks */ = {
			isa = PBXFrameworksBuildPhase;
			buildActionMask = 2147483647;
			files = (
			);
			runOnlyForDeploymentPostprocessing = 0;
		};
		0D337A7B2B38ADC7000F1C2D /* Frameworks */ = {
			isa = PBXFrameworksBuildPhase;
			buildActionMask = 2147483647;
			files = (
			);
			runOnlyForDeploymentPostprocessing = 0;
		};
		0D337A852B38ADC8000F1C2D /* Frameworks */ = {
			isa = PBXFrameworksBuildPhase;
			buildActionMask = 2147483647;
			files = (
			);
			runOnlyForDeploymentPostprocessing = 0;
		};
/* End PBXFrameworksBuildPhase section */

/* Begin PBXGroup section */
		0D337A652B38ADC6000F1C2D = {
			isa = PBXGroup;
			children = (
				0D337A702B38ADC6000F1C2D /* BarcodeScanner */,
				0D337A812B38ADC7000F1C2D /* BarcodeScannerTests */,
				0D337A8B2B38ADC8000F1C2D /* BarcodeScannerUITests */,
				0D337A6F2B38ADC6000F1C2D /* Products */,
			);
			sourceTree = "<group>";
		};
		0D337A6F2B38ADC6000F1C2D /* Products */ = {
			isa = PBXGroup;
			children = (
				0D337A6E2B38ADC6000F1C2D /* BarcodeScanner.app */,
				0D337A7E2B38ADC7000F1C2D /* BarcodeScannerTests.xctest */,
				0D337A882B38ADC8000F1C2D /* BarcodeScannerUITests.xctest */,
			);
			name = Products;
			sourceTree = "<group>";
		};
		0D337A702B38ADC6000F1C2D /* BarcodeScanner */ = {
			isa = PBXGroup;
			children = (
				0D337ADD2B394AF7000F1C2D /* Utilities */,
				0D337ADB2B394ABE000F1C2D /* Views */,
				0D337AD92B394A75000F1C2D /* Screen */,
				0D337A712B38ADC6000F1C2D /* BarcodeScannerApp.swift */,
				0D337A752B38ADC7000F1C2D /* Assets.xcassets */,
				0D337A772B38ADC7000F1C2D /* Preview Content */,
			);
			path = BarcodeScanner;
			sourceTree = "<group>";
		};
		0D337A772B38ADC7000F1C2D /* Preview Content */ = {
			isa = PBXGroup;
			children = (
				0D337A782B38ADC7000F1C2D /* Preview Assets.xcassets */,
			);
			path = "Preview Content";
			sourceTree = "<group>";
		};
		0D337A812B38ADC7000F1C2D /* BarcodeScannerTests */ = {
			isa = PBXGroup;
			children = (
				0D337A822B38ADC7000F1C2D /* BarcodeScannerTests.swift */,
			);
			path = BarcodeScannerTests;
			sourceTree = "<group>";
		};
		0D337A8B2B38ADC8000F1C2D /* BarcodeScannerUITests */ = {
			isa = PBXGroup;
			children = (
				0D337A8C2B38ADC8000F1C2D /* BarcodeScannerUITests.swift */,
				0D337A8E2B38ADC8000F1C2D /* BarcodeScannerUITestsLaunchTests.swift */,
			);
			path = BarcodeScannerUITests;
			sourceTree = "<group>";
		};
		0D337AD92B394A75000F1C2D /* Screen */ = {
			isa = PBXGroup;
			children = (
				0D337ADA2B394A83000F1C2D /* BarcodeScanner */,
			);
			path = Screen;
			sourceTree = "<group>";
		};
		0D337ADA2B394A83000F1C2D /* BarcodeScanner */ = {
			isa = PBXGroup;
			children = (
				0D337AD72B394805000F1C2D /* BarcodeScannerViewModal.swift */,
				0D337A732B38ADC6000F1C2D /* BarcodeScannerView.swift */,
			);
			path = BarcodeScanner;
			sourceTree = "<group>";
		};
		0D337ADB2B394ABE000F1C2D /* Views */ = {
			isa = PBXGroup;
			children = (
				0D337ADC2B394AC7000F1C2D /* UIKitComponents */,
			);
			path = Views;
			sourceTree = "<group>";
		};
		0D337ADC2B394AC7000F1C2D /* UIKitComponents */ = {
			isa = PBXGroup;
			children = (
				0D337AD12B392E0C000F1C2D /* ScannerVC.swift */,
				0D337AD32B3938A1000F1C2D /* ScannerView.swift */,
			);
			path = UIKitComponents;
			sourceTree = "<group>";
		};
		0D337ADD2B394AF7000F1C2D /* Utilities */ = {
			isa = PBXGroup;
			children = (
				0D337AD52B394770000F1C2D /* Alerts.swift */,
			);
			path = Utilities;
			sourceTree = "<group>";
		};
/* End PBXGroup section */

/* Begin PBXNativeTarget section */
		0D337A6D2B38ADC6000F1C2D /* BarcodeScanner */ = {
			isa = PBXNativeTarget;
			buildConfigurationList = 0D337A922B38ADC8000F1C2D /* Build configuration list for PBXNativeTarget "BarcodeScanner" */;
			buildPhases = (
				0D337A6A2B38ADC6000F1C2D /* Sources */,
				0D337A6B2B38ADC6000F1C2D /* Frameworks */,
				0D337A6C2B38ADC6000F1C2D /* Resources */,
			);
			buildRules = (
			);
			dependencies = (
			);
			name = BarcodeScanner;
			productName = BarcodeScanner;
			productReference = 0D337A6E2B38ADC6000F1C2D /* BarcodeScanner.app */;
			productType = "com.apple.product-type.application";
		};
		0D337A7D2B38ADC7000F1C2D /* BarcodeScannerTests */ = {
			isa = PBXNativeTarget;
			buildConfigurationList = 0D337A952B38ADC8000F1C2D /* Build configuration list for PBXNativeTarget "BarcodeScannerTests" */;
			buildPhases = (
				0D337A7A2B38ADC7000F1C2D /* Sources */,
				0D337A7B2B38ADC7000F1C2D /* Frameworks */,
				0D337A7C2B38ADC7000F1C2D /* Resources */,
			);
			buildRules = (
			);
			dependencies = (
				0D337A802B38ADC7000F1C2D /* PBXTargetDependency */,
			);
			name = BarcodeScannerTests;
			productName = BarcodeScannerTests;
			productReference = 0D337A7E2B38ADC7000F1C2D /* BarcodeScannerTests.xctest */;
			productType = "com.apple.product-type.bundle.unit-test";
		};
		0D337A872B38ADC8000F1C2D /* BarcodeScannerUITests */ = {
			isa = PBXNativeTarget;
			buildConfigurationList = 0D337A982B38ADC8000F1C2D /* Build configuration list for PBXNativeTarget "BarcodeScannerUITests" */;
			buildPhases = (
				0D337A842B38ADC8000F1C2D /* Sources */,
				0D337A852B38ADC8000F1C2D /* Frameworks */,
				0D337A862B38ADC8000F1C2D /* Resources */,
			);
			buildRules = (
			);
			dependencies = (
				0D337A8A2B38ADC8000F1C2D /* PBXTargetDependency */,
			);
			name = BarcodeScannerUITests;
			productName = BarcodeScannerUITests;
			productReference = 0D337A882B38ADC8000F1C2D /* BarcodeScannerUITests.xctest */;
			productType = "com.apple.product-type.bundle.ui-testing";
		};
/* End PBXNativeTarget section */

/* Begin PBXProject section */
		0D337A662B38ADC6000F1C2D /* Project object */ = {
			isa = PBXProject;
			attributes = {
				BuildIndependentTargetsInParallel = 1;
				LastSwiftUpdateCheck = 1510;
				LastUpgradeCheck = 1510;
				TargetAttributes = {
					0D337A6D2B38ADC6000F1C2D = {
						CreatedOnToolsVersion = 15.1;
					};
					0D337A7D2B38ADC7000F1C2D = {
						CreatedOnToolsVersion = 15.1;
						TestTargetID = 0D337A6D2B38ADC6000F1C2D;
					};
					0D337A872B38ADC8000F1C2D = {
						CreatedOnToolsVersion = 15.1;
						TestTargetID = 0D337A6D2B38ADC6000F1C2D;
					};
				};
			};
			buildConfigurationList = 0D337A692B38ADC6000F1C2D /* Build configuration list for PBXProject "BarcodeScanner" */;
			compatibilityVersion = "Xcode 14.0";
			developmentRegion = en;
			hasScannedForEncodings = 0;
			knownRegions = (
				en,
				Base,
			);
			mainGroup = 0D337A652B38ADC6000F1C2D;
			productRefGroup = 0D337A6F2B38ADC6000F1C2D /* Products */;
			projectDirPath = "";
			projectRoot = "";
			targets = (
				0D337A6D2B38ADC6000F1C2D /* BarcodeScanner */,
				0D337A7D2B38ADC7000F1C2D /* BarcodeScannerTests */,
				0D337A872B38ADC8000F1C2D /* BarcodeScannerUITests */,
			);
		};
/* End PBXProject section */

/* Begin PBXResourcesBuildPhase section */
		0D337A6C2B38ADC6000F1C2D /* Resources */ = {
			isa = PBXResourcesBuildPhase;
			buildActionMask = 2147483647;
			files = (
				0D337A792B38ADC7000F1C2D /* Preview Assets.xcassets in Resources */,
				0D337A762B38ADC7000F1C2D /* Assets.xcassets in Resources */,
			);
			runOnlyForDeploymentPostprocessing = 0;
		};
		0D337A7C2B38ADC7000F1C2D /* Resources */ = {
			isa = PBXResourcesBuildPhase;
			buildActionMask = 2147483647;
			files = (
			);
			runOnlyForDeploymentPostprocessing = 0;
		};
		0D337A862B38ADC8000F1C2D /* Resources */ = {
			isa = PBXResourcesBuildPhase;
			buildActionMask = 2147483647;
			files = (
			);
			runOnlyForDeploymentPostprocessing = 0;
		};
/* End PBXResourcesBuildPhase section */

/* Begin PBXSourcesBuildPhase section */
		0D337A6A2B38ADC6000F1C2D /* Sources */ = {
			isa = PBXSourcesBuildPhase;
			buildActionMask = 2147483647;
			files = (
				0D337AD22B392E0C000F1C2D /* ScannerVC.swift in Sources */,
				0D337AD62B394770000F1C2D /* Alerts.swift in Sources */,
				0D337AD42B3938A1000F1C2D /* ScannerView.swift in Sources */,
				0D337A742B38ADC6000F1C2D /* BarcodeScannerView.swift in Sources */,
				0D337AD82B394805000F1C2D /* BarcodeScannerViewModal.swift in Sources */,
				0D337A722B38ADC6000F1C2D /* BarcodeScannerApp.swift in Sources */,
			);
			runOnlyForDeploymentPostprocessing = 0;
		};
		0D337A7A2B38ADC7000F1C2D /* Sources */ = {
			isa = PBXSourcesBuildPhase;
			buildActionMask = 2147483647;
			files = (
				0D337A832B38ADC7000F1C2D /* BarcodeScannerTests.swift in Sources */,
			);
			runOnlyForDeploymentPostprocessing = 0;
		};
		0D337A842B38ADC8000F1C2D /* Sources */ = {
			isa = PBXSourcesBuildPhase;
			buildActionMask = 2147483647;
			files = (
				0D337A8F2B38ADC8000F1C2D /* BarcodeScannerUITestsLaunchTests.swift in Sources */,
				0D337A8D2B38ADC8000F1C2D /* BarcodeScannerUITests.swift in Sources */,
			);
			runOnlyForDeploymentPostprocessing = 0;
		};
/* End PBXSourcesBuildPhase section */

/* Begin PBXTargetDependency section */
		0D337A802B38ADC7000F1C2D /* PBXTargetDependency */ = {
			isa = PBXTargetDependency;
			target = 0D337A6D2B38ADC6000F1C2D /* BarcodeScanner */;
			targetProxy = 0D337A7F2B38ADC7000F1C2D /* PBXContainerItemProxy */;
		};
		0D337A8A2B38ADC8000F1C2D /* PBXTargetDependency */ = {
			isa = PBXTargetDependency;
			target = 0D337A6D2B38ADC6000F1C2D /* BarcodeScanner */;
			targetProxy = 0D337A892B38ADC8000F1C2D /* PBXContainerItemProxy */;
		};
/* End PBXTargetDependency section */

/* Begin XCBuildConfiguration section */
		0D337A902B38ADC8000F1C2D /* Debug */ = {
			isa = XCBuildConfiguration;
			buildSettings = {
				ALWAYS_SEARCH_USER_PATHS = NO;
				ASSETCATALOG_COMPILER_GENERATE_SWIFT_ASSET_SYMBOL_EXTENSIONS = YES;
				CLANG_ANALYZER_NONNULL = YES;
				CLANG_ANALYZER_NUMBER_OBJECT_CONVERSION = YES_AGGRESSIVE;
				CLANG_CXX_LANGUAGE_STANDARD = "gnu++20";
				CLANG_ENABLE_MODULES = YES;
				CLANG_ENABLE_OBJC_ARC = YES;
				CLANG_ENABLE_OBJC_WEAK = YES;
				CLANG_WARN_BLOCK_CAPTURE_AUTORELEASING = YES;
				CLANG_WARN_BOOL_CONVERSION = YES;
				CLANG_WARN_COMMA = YES;
				CLANG_WARN_CONSTANT_CONVERSION = YES;
				CLANG_WARN_DEPRECATED_OBJC_IMPLEMENTATIONS = YES;
				CLANG_WARN_DIRECT_OBJC_ISA_USAGE = YES_ERROR;
				CLANG_WARN_DOCUMENTATION_COMMENTS = YES;
				CLANG_WARN_EMPTY_BODY = YES;
				CLANG_WARN_ENUM_CONVERSION = YES;
				CLANG_WARN_INFINITE_RECURSION = YES;
				CLANG_WARN_INT_CONVERSION = YES;
				CLANG_WARN_NON_LITERAL_NULL_CONVERSION = YES;
				CLANG_WARN_OBJC_IMPLICIT_RETAIN_SELF = YES;
				CLANG_WARN_OBJC_LITERAL_CONVERSION = YES;
				CLANG_WARN_OBJC_ROOT_CLASS = YES_ERROR;
				CLANG_WARN_QUOTED_INCLUDE_IN_FRAMEWORK_HEADER = YES;
				CLANG_WARN_RANGE_LOOP_ANALYSIS = YES;
				CLANG_WARN_STRICT_PROTOTYPES = YES;
				CLANG_WARN_SUSPICIOUS_MOVE = YES;
				CLANG_WARN_UNGUARDED_AVAILABILITY = YES_AGGRESSIVE;
				CLANG_WARN_UNREACHABLE_CODE = YES;
				CLANG_WARN__DUPLICATE_METHOD_MATCH = YES;
				COPY_PHASE_STRIP = NO;
				DEBUG_INFORMATION_FORMAT = dwarf;
				ENABLE_STRICT_OBJC_MSGSEND = YES;
				ENABLE_TESTABILITY = YES;
				ENABLE_USER_SCRIPT_SANDBOXING = YES;
				GCC_C_LANGUAGE_STANDARD = gnu17;
				GCC_DYNAMIC_NO_PIC = NO;
				GCC_NO_COMMON_BLOCKS = YES;
				GCC_OPTIMIZATION_LEVEL = 0;
				GCC_PREPROCESSOR_DEFINITIONS = (
					"DEBUG=1",
					"$(inherited)",
				);
				GCC_WARN_64_TO_32_BIT_CONVERSION = YES;
				GCC_WARN_ABOUT_RETURN_TYPE = YES_ERROR;
				GCC_WARN_UNDECLARED_SELECTOR = YES;
				GCC_WARN_UNINITIALIZED_AUTOS = YES_AGGRESSIVE;
				GCC_WARN_UNUSED_FUNCTION = YES;
				GCC_WARN_UNUSED_VARIABLE = YES;
				IPHONEOS_DEPLOYMENT_TARGET = 17.2;
				LOCALIZATION_PREFERS_STRING_CATALOGS = YES;
				MTL_ENABLE_DEBUG_INFO = INCLUDE_SOURCE;
				MTL_FAST_MATH = YES;
				ONLY_ACTIVE_ARCH = YES;
				SDKROOT = iphoneos;
				SWIFT_ACTIVE_COMPILATION_CONDITIONS = "DEBUG $(inherited)";
				SWIFT_OPTIMIZATION_LEVEL = "-Onone";
			};
			name = Debug;
		};
		0D337A912B38ADC8000F1C2D /* Release */ = {
			isa = XCBuildConfiguration;
			buildSettings = {
				ALWAYS_SEARCH_USER_PATHS = NO;
				ASSETCATALOG_COMPILER_GENERATE_SWIFT_ASSET_SYMBOL_EXTENSIONS = YES;
				CLANG_ANALYZER_NONNULL = YES;
				CLANG_ANALYZER_NUMBER_OBJECT_CONVERSION = YES_AGGRESSIVE;
				CLANG_CXX_LANGUAGE_STANDARD = "gnu++20";
				CLANG_ENABLE_MODULES = YES;
				CLANG_ENABLE_OBJC_ARC = YES;
				CLANG_ENABLE_OBJC_WEAK = YES;
				CLANG_WARN_BLOCK_CAPTURE_AUTORELEASING = YES;
				CLANG_WARN_BOOL_CONVERSION = YES;
				CLANG_WARN_COMMA = YES;
				CLANG_WARN_CONSTANT_CONVERSION = YES;
				CLANG_WARN_DEPRECATED_OBJC_IMPLEMENTATIONS = YES;
				CLANG_WARN_DIRECT_OBJC_ISA_USAGE = YES_ERROR;
				CLANG_WARN_DOCUMENTATION_COMMENTS = YES;
				CLANG_WARN_EMPTY_BODY = YES;
				CLANG_WARN_ENUM_CONVERSION = YES;
				CLANG_WARN_INFINITE_RECURSION = YES;
				CLANG_WARN_INT_CONVERSION = YES;
				CLANG_WARN_NON_LITERAL_NULL_CONVERSION = YES;
				CLANG_WARN_OBJC_IMPLICIT_RETAIN_SELF = YES;
				CLANG_WARN_OBJC_LITERAL_CONVERSION = YES;
				CLANG_WARN_OBJC_ROOT_CLASS = YES_ERROR;
				CLANG_WARN_QUOTED_INCLUDE_IN_FRAMEWORK_HEADER = YES;
				CLANG_WARN_RANGE_LOOP_ANALYSIS = YES;
				CLANG_WARN_STRICT_PROTOTYPES = YES;
				CLANG_WARN_SUSPICIOUS_MOVE = YES;
				CLANG_WARN_UNGUARDED_AVAILABILITY = YES_AGGRESSIVE;
				CLANG_WARN_UNREACHABLE_CODE = YES;
				CLANG_WARN__DUPLICATE_METHOD_MATCH = YES;
				COPY_PHASE_STRIP = NO;
				DEBUG_INFORMATION_FORMAT = "dwarf-with-dsym";
				ENABLE_NS_ASSERTIONS = NO;
				ENABLE_STRICT_OBJC_MSGSEND = YES;
				ENABLE_USER_SCRIPT_SANDBOXING = YES;
				GCC_C_LANGUAGE_STANDARD = gnu17;
				GCC_NO_COMMON_BLOCKS = YES;
				GCC_WARN_64_TO_32_BIT_CONVERSION = YES;
				GCC_WARN_ABOUT_RETURN_TYPE = YES_ERROR;
				GCC_WARN_UNDECLARED_SELECTOR = YES;
				GCC_WARN_UNINITIALIZED_AUTOS = YES_AGGRESSIVE;
				GCC_WARN_UNUSED_FUNCTION = YES;
				GCC_WARN_UNUSED_VARIABLE = YES;
				IPHONEOS_DEPLOYMENT_TARGET = 17.2;
				LOCALIZATION_PREFERS_STRING_CATALOGS = YES;
				MTL_ENABLE_DEBUG_INFO = NO;
				MTL_FAST_MATH = YES;
				SDKROOT = iphoneos;
				SWIFT_COMPILATION_MODE = wholemodule;
				VALIDATE_PRODUCT = YES;
			};
			name = Release;
		};
		0D337A932B38ADC8000F1C2D /* Debug */ = {
			isa = XCBuildConfiguration;
			buildSettings = {
				ASSETCATALOG_COMPILER_APPICON_NAME = AppIcon;
				ASSETCATALOG_COMPILER_GLOBAL_ACCENT_COLOR_NAME = AccentColor;
				CODE_SIGN_STYLE = Automatic;
				CURRENT_PROJECT_VERSION = 1;
				DEVELOPMENT_ASSET_PATHS = "\"BarcodeScanner/Preview Content\"";
				DEVELOPMENT_TEAM = BJ3KU2BJXU;
				ENABLE_PREVIEWS = YES;
				GENERATE_INFOPLIST_FILE = YES;
				INFOPLIST_KEY_NSCameraUsageDescription = "$(PRODUCT_NAME) want to access camera to scan barcodes and QR codes.";
				INFOPLIST_KEY_UIApplicationSceneManifest_Generation = YES;
				INFOPLIST_KEY_UIApplicationSupportsIndirectInputEvents = YES;
				INFOPLIST_KEY_UILaunchScreen_Generation = YES;
				INFOPLIST_KEY_UISupportedInterfaceOrientations_iPad = "UIInterfaceOrientationPortrait UIInterfaceOrientationPortraitUpsideDown UIInterfaceOrientationLandscapeLeft UIInterfaceOrientationLandscapeRight";
				INFOPLIST_KEY_UISupportedInterfaceOrientations_iPhone = "UIInterfaceOrientationPortrait UIInterfaceOrientationLandscapeLeft UIInterfaceOrientationLandscapeRight";
				LD_RUNPATH_SEARCH_PATHS = (
					"$(inherited)",
					"@executable_path/Frameworks",
				);
				MARKETING_VERSION = 1.0;
				PRODUCT_BUNDLE_IDENTIFIER = NA.BarcodeScanner;
				PRODUCT_NAME = "$(TARGET_NAME)";
				SWIFT_EMIT_LOC_STRINGS = YES;
				SWIFT_VERSION = 5.0;
				TARGETED_DEVICE_FAMILY = "1,2";
			};
			name = Debug;
		};
		0D337A942B38ADC8000F1C2D /* Release */ = {
			isa = XCBuildConfiguration;
			buildSettings = {
				ASSETCATALOG_COMPILER_APPICON_NAME = AppIcon;
				ASSETCATALOG_COMPILER_GLOBAL_ACCENT_COLOR_NAME = AccentColor;
				CODE_SIGN_STYLE = Automatic;
				CURRENT_PROJECT_VERSION = 1;
				DEVELOPMENT_ASSET_PATHS = "\"BarcodeScanner/Preview Content\"";
				DEVELOPMENT_TEAM = BJ3KU2BJXU;
				ENABLE_PREVIEWS = YES;
				GENERATE_INFOPLIST_FILE = YES;
				INFOPLIST_KEY_NSCameraUsageDescription = "$(PRODUCT_NAME) want to access camera to scan barcodes and QR codes.";
				INFOPLIST_KEY_UIApplicationSceneManifest_Generation = YES;
				INFOPLIST_KEY_UIApplicationSupportsIndirectInputEvents = YES;
				INFOPLIST_KEY_UILaunchScreen_Generation = YES;
				INFOPLIST_KEY_UISupportedInterfaceOrientations_iPad = "UIInterfaceOrientationPortrait UIInterfaceOrientationPortraitUpsideDown UIInterfaceOrientationLandscapeLeft UIInterfaceOrientationLandscapeRight";
				INFOPLIST_KEY_UISupportedInterfaceOrientations_iPhone = "UIInterfaceOrientationPortrait UIInterfaceOrientationLandscapeLeft UIInterfaceOrientationLandscapeRight";
				LD_RUNPATH_SEARCH_PATHS = (
					"$(inherited)",
					"@executable_path/Frameworks",
				);
				MARKETING_VERSION = 1.0;
				PRODUCT_BUNDLE_IDENTIFIER = NA.BarcodeScanner;
				PRODUCT_NAME = "$(TARGET_NAME)";
				SWIFT_EMIT_LOC_STRINGS = YES;
				SWIFT_VERSION = 5.0;
				TARGETED_DEVICE_FAMILY = "1,2";
			};
			name = Release;
		};
		0D337A962B38ADC8000F1C2D /* Debug */ = {
			isa = XCBuildConfiguration;
			buildSettings = {
				ALWAYS_EMBED_SWIFT_STANDARD_LIBRARIES = YES;
				BUNDLE_LOADER = "$(TEST_HOST)";
				CODE_SIGN_STYLE = Automatic;
				CURRENT_PROJECT_VERSION = 1;
				DEVELOPMENT_TEAM = BJ3KU2BJXU;
				GENERATE_INFOPLIST_FILE = YES;
				IPHONEOS_DEPLOYMENT_TARGET = 17.2;
				MARKETING_VERSION = 1.0;
				PRODUCT_BUNDLE_IDENTIFIER = NA.BarcodeScannerTests;
				PRODUCT_NAME = "$(TARGET_NAME)";
				SWIFT_EMIT_LOC_STRINGS = NO;
				SWIFT_VERSION = 5.0;
				TARGETED_DEVICE_FAMILY = "1,2";
				TEST_HOST = "$(BUILT_PRODUCTS_DIR)/BarcodeScanner.app/$(BUNDLE_EXECUTABLE_FOLDER_PATH)/BarcodeScanner";
			};
			name = Debug;
		};
		0D337A972B38ADC8000F1C2D /* Release */ = {
			isa = XCBuildConfiguration;
			buildSettings = {
				ALWAYS_EMBED_SWIFT_STANDARD_LIBRARIES = YES;
				BUNDLE_LOADER = "$(TEST_HOST)";
				CODE_SIGN_STYLE = Automatic;
				CURRENT_PROJECT_VERSION = 1;
				DEVELOPMENT_TEAM = BJ3KU2BJXU;
				GENERATE_INFOPLIST_FILE = YES;
				IPHONEOS_DEPLOYMENT_TARGET = 17.2;
				MARKETING_VERSION = 1.0;
				PRODUCT_BUNDLE_IDENTIFIER = NA.BarcodeScannerTests;
				PRODUCT_NAME = "$(TARGET_NAME)";
				SWIFT_EMIT_LOC_STRINGS = NO;
				SWIFT_VERSION = 5.0;
				TARGETED_DEVICE_FAMILY = "1,2";
				TEST_HOST = "$(BUILT_PRODUCTS_DIR)/BarcodeScanner.app/$(BUNDLE_EXECUTABLE_FOLDER_PATH)/BarcodeScanner";
			};
			name = Release;
		};
		0D337A992B38ADC8000F1C2D /* Debug */ = {
			isa = XCBuildConfiguration;
			buildSettings = {
				ALWAYS_EMBED_SWIFT_STANDARD_LIBRARIES = YES;
				CODE_SIGN_STYLE = Automatic;
				CURRENT_PROJECT_VERSION = 1;
				DEVELOPMENT_TEAM = BJ3KU2BJXU;
				GENERATE_INFOPLIST_FILE = YES;
				MARKETING_VERSION = 1.0;
				PRODUCT_BUNDLE_IDENTIFIER = NA.BarcodeScannerUITests;
				PRODUCT_NAME = "$(TARGET_NAME)";
				SWIFT_EMIT_LOC_STRINGS = NO;
				SWIFT_VERSION = 5.0;
				TARGETED_DEVICE_FAMILY = "1,2";
				TEST_TARGET_NAME = BarcodeScanner;
			};
			name = Debug;
		};
		0D337A9A2B38ADC8000F1C2D /* Release */ = {
			isa = XCBuildConfiguration;
			buildSettings = {
				ALWAYS_EMBED_SWIFT_STANDARD_LIBRARIES = YES;
				CODE_SIGN_STYLE = Automatic;
				CURRENT_PROJECT_VERSION = 1;
				DEVELOPMENT_TEAM = BJ3KU2BJXU;
				GENERATE_INFOPLIST_FILE = YES;
				MARKETING_VERSION = 1.0;
				PRODUCT_BUNDLE_IDENTIFIER = NA.BarcodeScannerUITests;
				PRODUCT_NAME = "$(TARGET_NAME)";
				SWIFT_EMIT_LOC_STRINGS = NO;
				SWIFT_VERSION = 5.0;
				TARGETED_DEVICE_FAMILY = "1,2";
				TEST_TARGET_NAME = BarcodeScanner;
			};
			name = Release;
		};
/* End XCBuildConfiguration section */

/* Begin XCConfigurationList section */
		0D337A692B38ADC6000F1C2D /* Build configuration list for PBXProject "BarcodeScanner" */ = {
			isa = XCConfigurationList;
			buildConfigurations = (
				0D337A902B38ADC8000F1C2D /* Debug */,
				0D337A912B38ADC8000F1C2D /* Release */,
			);
			defaultConfigurationIsVisible = 0;
			defaultConfigurationName = Release;
		};
		0D337A922B38ADC8000F1C2D /* Build configuration list for PBXNativeTarget "BarcodeScanner" */ = {
			isa = XCConfigurationList;
			buildConfigurations = (
				0D337A932B38ADC8000F1C2D /* Debug */,
				0D337A942B38ADC8000F1C2D /* Release */,
			);
			defaultConfigurationIsVisible = 0;
			defaultConfigurationName = Release;
		};
		0D337A952B38ADC8000F1C2D /* Build configuration list for PBXNativeTarget "BarcodeScannerTests" */ = {
			isa = XCConfigurationList;
			buildConfigurations = (
				0D337A962B38ADC8000F1C2D /* Debug */,
				0D337A972B38ADC8000F1C2D /* Release */,
			);
			defaultConfigurationIsVisible = 0;
			defaultConfigurationName = Release;
		};
		0D337A982B38ADC8000F1C2D /* Build configuration list for PBXNativeTarget "BarcodeScannerUITests" */ = {
			isa = XCConfigurationList;
			buildConfigurations = (
				0D337A992B38ADC8000F1C2D /* Debug */,
				0D337A9A2B38ADC8000F1C2D /* Release */,
			);
			defaultConfigurationIsVisible = 0;
			defaultConfigurationName = Release;
		};
/* End XCConfigurationList section */
	};
	rootObject = 0D337A662B38ADC6000F1C2D /* Project object */;
}
